
Microsoft Visual Studio Solution File, Format Version 12.00
# Visual Studio Version 17
VisualStudioVersion = 17.11.35303.130
MinimumVisualStudioVersion = 10.0.40219.1
Project("{FAE04EC0-301F-11D3-BF4B-00C04F79EFBC}") = "Proyecto Archivos FAT", "Proyecto Archivos FAT.csproj", "{E2F5E9B2-FE7B-4F6C-85DF-070208B9804B}"
EndProject
Global
	GlobalSection(SolutionConfigurationPlatforms) = preSolution
		Debug|Any CPU = Debug|Any CPU
		Release|Any CPU = Release|Any CPU
	EndGlobalSection
	GlobalSection(ProjectConfigurationPlatforms) = postSolution
		{E2F5E9B2-FE7B-4F6C-85DF-070208B9804B}.Debug|Any CPU.ActiveCfg = Debug|Any CPU
		{E2F5E9B2-FE7B-4F6C-85DF-070208B9804B}.Debug|Any CPU.Build.0 = Debug|Any CPU
		{E2F5E9B2-FE7B-4F6C-85DF-070208B9804B}.Release|Any CPU.ActiveCfg = Release|Any CPU
		{E2F5E9B2-FE7B-4F6C-85DF-070208B9804B}.Release|Any CPU.Build.0 = Release|Any CPU
	EndGlobalSection
	GlobalSection(SolutionProperties) = preSolution
		HideSolutionNode = FALSE
	EndGlobalSection
	GlobalSection(ExtensibilityGlobals) = postSolution
		SolutionGuid = {63E6B5D8-C9B6-41E0-A1D3-9200199C3087}
	EndGlobalSection
EndGlobal
